
Microsoft Visual Studio Solution File, Format Version 12.00
# Visual Studio Version 16
VisualStudioVersion = 16.0.29709.97
MinimumVisualStudioVersion = 10.0.40219.1
Project("{FAE04EC0-301F-11D3-BF4B-00C04F79EFBC}") = "GC_Lab_2.1", "GC_Lab_2.1\GC_Lab_2.1.csproj", "{824CD429-B7A1-4B2F-9425-F837B618878F}"
EndProject
Global
	GlobalSection(SolutionConfigurationPlatforms) = preSolution
		Debug|Any CPU = Debug|Any CPU
		Release|Any CPU = Release|Any CPU
	EndGlobalSection
	GlobalSection(ProjectConfigurationPlatforms) = postSolution
		{824CD429-B7A1-4B2F-9425-F837B618878F}.Debug|Any CPU.ActiveCfg = Debug|Any CPU
		{824CD429-B7A1-4B2F-9425-F837B618878F}.Debug|Any CPU.Build.0 = Debug|Any CPU
		{824CD429-B7A1-4B2F-9425-F837B618878F}.Release|Any CPU.ActiveCfg = Release|Any CPU
		{824CD429-B7A1-4B2F-9425-F837B618878F}.Release|Any CPU.Build.0 = Release|Any CPU
	EndGlobalSection
	GlobalSection(SolutionProperties) = preSolution
		HideSolutionNode = FALSE
	EndGlobalSection
	GlobalSection(ExtensibilityGlobals) = postSolution
		SolutionGuid = {DA5E6877-D22E-4A94-B1C9-012D94ED1548}
	EndGlobalSection
EndGlobal
